
Microsoft Visual Studio Solution File, Format Version 12.00
# Visual Studio Version 16
VisualStudioVersion = 16.0.30804.86
MinimumVisualStudioVersion = 10.0.40219.1
Project("{FAE04EC0-301F-11D3-BF4B-00C04F79EFBC}") = "StrukturyDanych", "StrukturyDanych\StrukturyDanych.csproj", "{37F8D4A7-BBED-4352-869B-760F5BBFE368}"
EndProject
Global
	GlobalSection(SolutionConfigurationPlatforms) = preSolution
		Debug|Any CPU = Debug|Any CPU
		Release|Any CPU = Release|Any CPU
	EndGlobalSection
	GlobalSection(ProjectConfigurationPlatforms) = postSolution
		{37F8D4A7-BBED-4352-869B-760F5BBFE368}.Debug|Any CPU.ActiveCfg = Debug|Any CPU
		{37F8D4A7-BBED-4352-869B-760F5BBFE368}.Debug|Any CPU.Build.0 = Debug|Any CPU
		{37F8D4A7-BBED-4352-869B-760F5BBFE368}.Release|Any CPU.ActiveCfg = Release|Any CPU
		{37F8D4A7-BBED-4352-869B-760F5BBFE368}.Release|Any CPU.Build.0 = Release|Any CPU
	EndGlobalSection
	GlobalSection(SolutionProperties) = preSolution
		HideSolutionNode = FALSE
	EndGlobalSection
	GlobalSection(ExtensibilityGlobals) = postSolution
		SolutionGuid = {136319AF-B906-4E00-8D8F-71E053ADAEBF}
	EndGlobalSection
EndGlobal
